{
  "nodes": {
    "deploy-rs": {
      "inputs": {
        "flake-compat": "flake-compat",
        "nixpkgs": [
          "nixpkgs"
        ],
        "utils": "utils"
      },
      "locked": {
        "lastModified": 1756719547,
        "narHash": "sha256-N9gBKUmjwRKPxAafXEk1EGadfk2qDZPBQp4vXWPHINQ=",
        "owner": "serokell",
        "repo": "deploy-rs",
        "rev": "125ae9e3ecf62fb2c0fd4f2d894eb971f1ecaed2",
        "type": "github"
      },
      "original": {
        "owner": "serokell",
        "repo": "deploy-rs",
        "type": "github"
      }
    },
    "falba": {
      "inputs": {
        "flake-utils": "flake-utils",
        "limmat": "limmat",
        "nixpkgs": [
          "my-nixos",
          "nixpkgs"
        ]
      },
      "locked": {
        "lastModified": 1755775379,
        "narHash": "sha256-y+5bEy8tPDY4Psf2/RWu3Cz49TjQYjXqS0c2y95Esck=",
        "owner": "bjackman",
        "repo": "falba-go",
        "rev": "ed48303ca542ea121566c3ed31b1c8045a2f81a6",
        "type": "github"
      },
      "original": {
        "owner": "bjackman",
        "repo": "falba-go",
        "type": "github"
      }
    },
    "flake-compat": {
      "flake": false,
      "locked": {
        "lastModified": 1733328505,
        "narHash": "sha256-NeCCThCEP3eCl2l/+27kNNK7QrwZB1IJCrXfrbv5oqU=",
        "owner": "edolstra",
        "repo": "flake-compat",
        "rev": "ff81ac966bb2cae68946d5ed5fc4994f96d0ffec",
        "type": "github"
      },
      "original": {
        "owner": "edolstra",
        "repo": "flake-compat",
        "type": "github"
      }
    },
    "flake-utils": {
      "inputs": {
        "systems": "systems_2"
      },
      "locked": {
        "lastModified": 1731533236,
        "narHash": "sha256-l0KFg5HjrsfsO/JpG+r7fRrqm12kzFHyUHqHCVpMMbI=",
        "owner": "numtide",
        "repo": "flake-utils",
        "rev": "11707dc2f618dd54ca8739b309ec4fc024de578b",
        "type": "github"
      },
      "original": {
        "owner": "numtide",
        "repo": "flake-utils",
        "type": "github"
      }
    },
    "kernel-6_16": {
      "flake": false,
      "locked": {
        "lastModified": 1751836226,
        "narHash": "sha256-3k7L4kZEZBGCVhbjy47Z7iZIjEDnZOqy74y2WjOiNHI=",
        "owner": "torvalds",
        "repo": "linux",
        "rev": "d7b8f8e20813f0179d8ef519541a3527e7661d3a",
        "type": "github"
      },
      "original": {
        "owner": "torvalds",
        "ref": "master",
        "repo": "linux",
        "type": "github"
      }
    },
    "kernel-asi": {
      "flake": false,
      "locked": {
        "lastModified": 1752580004,
        "narHash": "sha256-uraf66TtBSBS4WfwVjAgnDlIAV4uh4KJooLzdUG59d0=",
        "owner": "bjackman",
        "repo": "linux",
        "rev": "03422d9220d3694e22858ef333bfe9c6d61ced65",
        "type": "github"
      },
      "original": {
        "owner": "bjackman",
        "ref": "asi/6.16",
        "repo": "linux",
        "type": "github"
      }
    },
    "kernel-asi-page-cache-fix": {
      "flake": false,
      "locked": {
        "lastModified": 1750842928,
        "narHash": "sha256-iDnTlrMc501KBG4qgc4qzzDs1Z935G2ScPr6uL+Qfec=",
        "owner": "bjackman",
        "repo": "linux",
        "rev": "42d6153b5e4b82409402493bdd9df614d25df73a",
        "type": "github"
      },
      "original": {
        "owner": "bjackman",
        "ref": "asi/fix-page-cache",
        "repo": "linux",
        "type": "github"
      }
    },
    "kernel-asi-rfcv2-preview": {
      "flake": false,
      "locked": {
        "lastModified": 1736531188,
        "narHash": "sha256-PM7wVgU2q0s+VKL6dlSvqf512MZ5XiButbKwYHZYe5g=",
        "owner": "googleprodkernel",
        "repo": "linux-kvm",
        "rev": "3c5a494074062dab363b4b0aa3b3b792326b1ec3",
        "type": "github"
      },
      "original": {
        "owner": "googleprodkernel",
        "ref": "asi-rfcv2-preview",
        "repo": "linux-kvm",
        "type": "github"
      }
    },
    "limmat": {
      "inputs": {
        "naersk": "naersk",
        "nixpkgs": [
          "my-nixos",
          "falba",
          "nixpkgs"
        ]
      },
      "locked": {
        "lastModified": 1750851759,
        "narHash": "sha256-huZlLkKhHJWdxFaP2gj2i1el8INCdNSJFTc3OXHD1Ew=",
        "owner": "bjackman",
        "repo": "limmat",
        "rev": "09e35f4dd9f74de69b7389e41e9094e73d5fafa6",
        "type": "github"
      },
      "original": {
        "owner": "bjackman",
        "repo": "limmat",
        "type": "github"
      }
    },
    "my-nixos": {
      "inputs": {
        "falba": "falba",
        "kernel-6_16": "kernel-6_16",
        "kernel-asi": "kernel-asi",
        "kernel-asi-page-cache-fix": "kernel-asi-page-cache-fix",
        "kernel-asi-rfcv2-preview": "kernel-asi-rfcv2-preview",
        "nixpkgs": [
          "nixpkgs"
        ]
      },
      "locked": {
        "lastModified": 1755780451,
        "narHash": "sha256-8TpUsDkLFTP3GALCaAI0byM19OY2ofj6IAwchERlgdU=",
        "owner": "bjackman",
        "repo": "nixos-flake",
        "rev": "5d2704a5a5659c3e67b4d05cb1df74efdfa809b8",
        "type": "github"
      },
      "original": {
        "owner": "bjackman",
        "ref": "master",
        "repo": "nixos-flake",
        "type": "github"
      }
    },
    "naersk": {
      "inputs": {
        "nixpkgs": [
          "my-nixos",
          "falba",
          "limmat",
          "nixpkgs"
        ]
      },
      "locked": {
        "lastModified": 1745925850,
        "narHash": "sha256-cyAAMal0aPrlb1NgzMxZqeN1mAJ2pJseDhm2m6Um8T0=",
        "owner": "nix-community",
        "repo": "naersk",
        "rev": "38bc60bbc157ae266d4a0c96671c6c742ee17a5f",
        "type": "github"
      },
      "original": {
        "owner": "nix-community",
        "repo": "naersk",
        "type": "github"
      }
    },
    "nixpkgs": {
      "locked": {
        "lastModified": 1759439645,
        "narHash": "sha256-oiAyQaRilPk525Z5aTtTNWNzSrcdJ7IXM0/PL3CGlbI=",
        "owner": "nixos",
        "repo": "nixpkgs",
        "rev": "879bd460b3d3e8571354ce172128fbcbac1ed633",
        "type": "github"
      },
      "original": {
        "owner": "nixos",
        "ref": "nixos-25.05",
        "repo": "nixpkgs",
        "type": "github"
      }
    },
    "root": {
      "inputs": {
        "deploy-rs": "deploy-rs",
        "my-nixos": "my-nixos",
        "nixpkgs": "nixpkgs"
      }
    },
    "systems": {
      "locked": {
        "lastModified": 1681028828,
        "narHash": "sha256-Vy1rq5AaRuLzOxct8nz4T6wlgyUR7zLU309k9mBC768=",
        "owner": "nix-systems",
        "repo": "default",
        "rev": "da67096a3b9bf56a91d16901293e51ba5b49a27e",
        "type": "github"
      },
      "original": {
        "owner": "nix-systems",
        "repo": "default",
        "type": "github"
      }
    },
    "systems_2": {
      "locked": {
        "lastModified": 1681028828,
        "narHash": "sha256-Vy1rq5AaRuLzOxct8nz4T6wlgyUR7zLU309k9mBC768=",
        "owner": "nix-systems",
        "repo": "default",
        "rev": "da67096a3b9bf56a91d16901293e51ba5b49a27e",
        "type": "github"
      },
      "original": {
        "owner": "nix-systems",
        "repo": "default",
        "type": "github"
      }
    },
    "utils": {
      "inputs": {
        "systems": "systems"
      },
      "locked": {
        "lastModified": 1731533236,
        "narHash": "sha256-l0KFg5HjrsfsO/JpG+r7fRrqm12kzFHyUHqHCVpMMbI=",
        "owner": "numtide",
        "repo": "flake-utils",
        "rev": "11707dc2f618dd54ca8739b309ec4fc024de578b",
        "type": "github"
      },
      "original": {
        "owner": "numtide",
        "repo": "flake-utils",
        "type": "github"
      }
    }
  },
  "root": "root",
  "version": 7
}
