{
  "nodes": {
    "falba": {
      "flake": false,
      "locked": {
        "lastModified": 1750667008,
        "narHash": "sha256-yWPDDwFJ/PMaKRO2W598exoSbwhsL4F9r8MQBQG8iyM=",
        "owner": "bjackman",
        "repo": "falba",
        "rev": "1c35d88579201064c726849e5f31f812c1e467b8",
        "type": "github"
      },
      "original": {
        "owner": "bjackman",
        "repo": "falba",
        "type": "github"
      }
    },
    "kernel-6_14": {
      "flake": false,
      "locked": {
        "lastModified": 1742824961,
        "narHash": "sha256-5Fkx6y9eEKuQVbDkYh3lxFQrXCK4QJkAZcIabj0q/YQ=",
        "owner": "torvalds",
        "repo": "linux",
        "rev": "38fec10eb60d687e30c8c6b5420d86e8149f7557",
        "type": "github"
      },
      "original": {
        "owner": "torvalds",
        "ref": "v6.14",
        "repo": "linux",
        "type": "github"
      }
    },
    "kernel-asi-page-cache-fix": {
      "flake": false,
      "locked": {
        "lastModified": 1750842928,
        "narHash": "sha256-iDnTlrMc501KBG4qgc4qzzDs1Z935G2ScPr6uL+Qfec=",
        "owner": "bjackman",
        "repo": "linux",
        "rev": "42d6153b5e4b82409402493bdd9df614d25df73a",
        "type": "github"
      },
      "original": {
        "owner": "bjackman",
        "ref": "asi/fix-page-cache",
        "repo": "linux",
        "type": "github"
      }
    },
    "kernel-asi-rfcv2-preview": {
      "flake": false,
      "locked": {
        "lastModified": 1736531188,
        "narHash": "sha256-PM7wVgU2q0s+VKL6dlSvqf512MZ5XiButbKwYHZYe5g=",
        "owner": "googleprodkernel",
        "repo": "linux-kvm",
        "rev": "3c5a494074062dab363b4b0aa3b3b792326b1ec3",
        "type": "github"
      },
      "original": {
        "owner": "googleprodkernel",
        "ref": "asi-rfcv2-preview",
        "repo": "linux-kvm",
        "type": "github"
      }
    },
    "my-nixos": {
      "inputs": {
        "falba": "falba",
        "kernel-6_14": "kernel-6_14",
        "kernel-asi-page-cache-fix": "kernel-asi-page-cache-fix",
        "kernel-asi-rfcv2-preview": "kernel-asi-rfcv2-preview",
        "nixpkgs": [
          "nixpkgs"
        ]
      },
      "locked": {
        "lastModified": 1751285391,
        "narHash": "sha256-iDDoa1k5M8iFILTQ+K0O5XX6nr9apddjSgNEZHfPWTo=",
        "owner": "bjackman",
        "repo": "nixos-flake",
        "rev": "86d210ee8fdb0ff9e55d5b05ea7a765ffef0f7f5",
        "type": "github"
      },
      "original": {
        "owner": "bjackman",
        "ref": "master",
        "repo": "nixos-flake",
        "type": "github"
      }
    },
    "nixpkgs": {
      "locked": {
        "lastModified": 1751741127,
        "narHash": "sha256-t75Shs76NgxjZSgvvZZ9qOmz5zuBE8buUaYD28BMTxg=",
        "owner": "nixos",
        "repo": "nixpkgs",
        "rev": "29e290002bfff26af1db6f64d070698019460302",
        "type": "github"
      },
      "original": {
        "owner": "nixos",
        "ref": "nixos-25.05",
        "repo": "nixpkgs",
        "type": "github"
      }
    },
    "root": {
      "inputs": {
        "my-nixos": "my-nixos",
        "nixpkgs": "nixpkgs"
      }
    }
  },
  "root": "root",
  "version": 7
}
